// !$*UTF8*$!
{
	archiveVersion = 1;
	classes = {
	};
	objectVersion = 46;
	objects = {

/* Begin PBXBuildFile section */
		C8B6C2B91B97AAD000D92BE6 /* WJHShouldTerminate.h in Headers */ = {isa = PBXBuildFile; fileRef = C8B6C2B81B97AAD000D92BE6 /* WJHShouldTerminate.h */; settings = {ATTRIBUTES = (Public, ); }; };
		C8B6C2BF1B97AAD000D92BE6 /* WJHShouldTerminate.framework in Frameworks */ = {isa = PBXBuildFile; fileRef = C8B6C2B31B97AAD000D92BE6 /* WJHShouldTerminate.framework */; };
		C8B6C2C61B97AAD000D92BE6 /* WJHShouldTerminateTests.m in Sources */ = {isa = PBXBuildFile; fileRef = C8B6C2C51B97AAD000D92BE6 /* WJHShouldTerminateTests.m */; };
		C8B6C2D11B97AC4D00D92BE6 /* WJHShouldTerminateToken.h in Headers */ = {isa = PBXBuildFile; fileRef = C8B6C2CF1B97AC4D00D92BE6 /* WJHShouldTerminateToken.h */; settings = {ATTRIBUTES = (Public, ); }; };
		C8B6C2D21B97AC4D00D92BE6 /* WJHShouldTerminateToken.m in Sources */ = {isa = PBXBuildFile; fileRef = C8B6C2D01B97AC4D00D92BE6 /* WJHShouldTerminateToken.m */; };
		C8B6C2D41B97AD1B00D92BE6 /* WJHShouldTerminate.m in Sources */ = {isa = PBXBuildFile; fileRef = C8B6C2D31B97AD1B00D92BE6 /* WJHShouldTerminate.m */; };
		C8B6C2D71B97AD6F00D92BE6 /* _WJHShouldTerminateObserver.h in Headers */ = {isa = PBXBuildFile; fileRef = C8B6C2D51B97AD6F00D92BE6 /* _WJHShouldTerminateObserver.h */; settings = {ATTRIBUTES = (Private, ); }; };
		C8B6C2D81B97AD6F00D92BE6 /* _WJHShouldTerminateObserver.m in Sources */ = {isa = PBXBuildFile; fileRef = C8B6C2D61B97AD6F00D92BE6 /* _WJHShouldTerminateObserver.m */; };
		C8B6C2DB1B97B0DF00D92BE6 /* NSObject+WJHShouldTerminate.h in Headers */ = {isa = PBXBuildFile; fileRef = C8B6C2D91B97B0DF00D92BE6 /* NSObject+WJHShouldTerminate.h */; settings = {ATTRIBUTES = (Public, ); }; };
		C8B6C2DC1B97B0DF00D92BE6 /* NSObject+WJHShouldTerminate.m in Sources */ = {isa = PBXBuildFile; fileRef = C8B6C2DA1B97B0DF00D92BE6 /* NSObject+WJHShouldTerminate.m */; };
/* End PBXBuildFile section */

/* Begin PBXContainerItemProxy section */
		C8B6C2C01B97AAD000D92BE6 /* PBXContainerItemProxy */ = {
			isa = PBXContainerItemProxy;
			containerPortal = C8B6C2AA1B97AAD000D92BE6 /* Project object */;
			proxyType = 1;
			remoteGlobalIDString = C8B6C2B21B97AAD000D92BE6;
			remoteInfo = WJHShouldTerminate;
		};
/* End PBXContainerItemProxy section */

/* Begin PBXFileReference section */
		C8B6C2B31B97AAD000D92BE6 /* WJHShouldTerminate.framework */ = {isa = PBXFileReference; explicitFileType = wrapper.framework; includeInIndex = 0; path = WJHShouldTerminate.framework; sourceTree = BUILT_PRODUCTS_DIR; };
		C8B6C2B71B97AAD000D92BE6 /* Info.plist */ = {isa = PBXFileReference; lastKnownFileType = text.plist.xml; path = Info.plist; sourceTree = "<group>"; };
		C8B6C2B81B97AAD000D92BE6 /* WJHShouldTerminate.h */ = {isa = PBXFileReference; lastKnownFileType = sourcecode.c.h; path = WJHShouldTerminate.h; sourceTree = "<group>"; };
		C8B6C2BE1B97AAD000D92BE6 /* WJHShouldTerminateTests.xctest */ = {isa = PBXFileReference; explicitFileType = wrapper.cfbundle; includeInIndex = 0; path = WJHShouldTerminateTests.xctest; sourceTree = BUILT_PRODUCTS_DIR; };
		C8B6C2C41B97AAD000D92BE6 /* Info.plist */ = {isa = PBXFileReference; lastKnownFileType = text.plist.xml; path = Info.plist; sourceTree = "<group>"; };
		C8B6C2C51B97AAD000D92BE6 /* WJHShouldTerminateTests.m */ = {isa = PBXFileReference; lastKnownFileType = sourcecode.c.objc; path = WJHShouldTerminateTests.m; sourceTree = "<group>"; };
		C8B6C2CF1B97AC4D00D92BE6 /* WJHShouldTerminateToken.h */ = {isa = PBXFileReference; fileEncoding = 4; lastKnownFileType = sourcecode.c.h; path = WJHShouldTerminateToken.h; sourceTree = "<group>"; };
		C8B6C2D01B97AC4D00D92BE6 /* WJHShouldTerminateToken.m */ = {isa = PBXFileReference; fileEncoding = 4; lastKnownFileType = sourcecode.c.objc; path = WJHShouldTerminateToken.m; sourceTree = "<group>"; };
		C8B6C2D31B97AD1B00D92BE6 /* WJHShouldTerminate.m */ = {isa = PBXFileReference; fileEncoding = 4; lastKnownFileType = sourcecode.c.objc; path = WJHShouldTerminate.m; sourceTree = "<group>"; };
		C8B6C2D51B97AD6F00D92BE6 /* _WJHShouldTerminateObserver.h */ = {isa = PBXFileReference; fileEncoding = 4; lastKnownFileType = sourcecode.c.h; path = _WJHShouldTerminateObserver.h; sourceTree = "<group>"; };
		C8B6C2D61B97AD6F00D92BE6 /* _WJHShouldTerminateObserver.m */ = {isa = PBXFileReference; fileEncoding = 4; lastKnownFileType = sourcecode.c.objc; path = _WJHShouldTerminateObserver.m; sourceTree = "<group>"; };
		C8B6C2D91B97B0DF00D92BE6 /* NSObject+WJHShouldTerminate.h */ = {isa = PBXFileReference; fileEncoding = 4; lastKnownFileType = sourcecode.c.h; path = "NSObject+WJHShouldTerminate.h"; sourceTree = "<group>"; };
		C8B6C2DA1B97B0DF00D92BE6 /* NSObject+WJHShouldTerminate.m */ = {isa = PBXFileReference; fileEncoding = 4; lastKnownFileType = sourcecode.c.objc; path = "NSObject+WJHShouldTerminate.m"; sourceTree = "<group>"; };
/* End PBXFileReference section */

/* Begin PBXFrameworksBuildPhase section */
		C8B6C2AF1B97AAD000D92BE6 /* Frameworks */ = {
			isa = PBXFrameworksBuildPhase;
			buildActionMask = 2147483647;
			files = (
			);
			runOnlyForDeploymentPostprocessing = 0;
		};
		C8B6C2BB1B97AAD000D92BE6 /* Frameworks */ = {
			isa = PBXFrameworksBuildPhase;
			buildActionMask = 2147483647;
			files = (
				C8B6C2BF1B97AAD000D92BE6 /* WJHShouldTerminate.framework in Frameworks */,
			);
			runOnlyForDeploymentPostprocessing = 0;
		};
/* End PBXFrameworksBuildPhase section */

/* Begin PBXGroup section */
		C8B6C2A91B97AAD000D92BE6 = {
			isa = PBXGroup;
			children = (
				C8B6C2B51B97AAD000D92BE6 /* WJHShouldTerminate */,
				C8B6C2C21B97AAD000D92BE6 /* WJHShouldTerminateTests */,
				C8B6C2B41B97AAD000D92BE6 /* Products */,
			);
			sourceTree = "<group>";
		};
		C8B6C2B41B97AAD000D92BE6 /* Products */ = {
			isa = PBXGroup;
			children = (
				C8B6C2B31B97AAD000D92BE6 /* WJHShouldTerminate.framework */,
				C8B6C2BE1B97AAD000D92BE6 /* WJHShouldTerminateTests.xctest */,
			);
			name = Products;
			sourceTree = "<group>";
		};
		C8B6C2B51B97AAD000D92BE6 /* WJHShouldTerminate */ = {
			isa = PBXGroup;
			children = (
				C8B6C2B81B97AAD000D92BE6 /* WJHShouldTerminate.h */,
				C8B6C2D31B97AD1B00D92BE6 /* WJHShouldTerminate.m */,
				C8B6C2B61B97AAD000D92BE6 /* Supporting Files */,
				C8B6C2CF1B97AC4D00D92BE6 /* WJHShouldTerminateToken.h */,
				C8B6C2D01B97AC4D00D92BE6 /* WJHShouldTerminateToken.m */,
				C8B6C2D51B97AD6F00D92BE6 /* _WJHShouldTerminateObserver.h */,
				C8B6C2D61B97AD6F00D92BE6 /* _WJHShouldTerminateObserver.m */,
				C8B6C2D91B97B0DF00D92BE6 /* NSObject+WJHShouldTerminate.h */,
				C8B6C2DA1B97B0DF00D92BE6 /* NSObject+WJHShouldTerminate.m */,
			);
			path = WJHShouldTerminate;
			sourceTree = "<group>";
		};
		C8B6C2B61B97AAD000D92BE6 /* Supporting Files */ = {
			isa = PBXGroup;
			children = (
				C8B6C2B71B97AAD000D92BE6 /* Info.plist */,
			);
			name = "Supporting Files";
			sourceTree = "<group>";
		};
		C8B6C2C21B97AAD000D92BE6 /* WJHShouldTerminateTests */ = {
			isa = PBXGroup;
			children = (
				C8B6C2C51B97AAD000D92BE6 /* WJHShouldTerminateTests.m */,
				C8B6C2C31B97AAD000D92BE6 /* Supporting Files */,
			);
			path = WJHShouldTerminateTests;
			sourceTree = "<group>";
		};
		C8B6C2C31B97AAD000D92BE6 /* Supporting Files */ = {
			isa = PBXGroup;
			children = (
				C8B6C2C41B97AAD000D92BE6 /* Info.plist */,
			);
			name = "Supporting Files";
			sourceTree = "<group>";
		};
/* End PBXGroup section */

/* Begin PBXHeadersBuildPhase section */
		C8B6C2B01B97AAD000D92BE6 /* Headers */ = {
			isa = PBXHeadersBuildPhase;
			buildActionMask = 2147483647;
			files = (
				C8B6C2B91B97AAD000D92BE6 /* WJHShouldTerminate.h in Headers */,
				C8B6C2D71B97AD6F00D92BE6 /* _WJHShouldTerminateObserver.h in Headers */,
				C8B6C2D11B97AC4D00D92BE6 /* WJHShouldTerminateToken.h in Headers */,
				C8B6C2DB1B97B0DF00D92BE6 /* NSObject+WJHShouldTerminate.h in Headers */,
			);
			runOnlyForDeploymentPostprocessing = 0;
		};
/* End PBXHeadersBuildPhase section */

/* Begin PBXNativeTarget section */
		C8B6C2B21B97AAD000D92BE6 /* WJHShouldTerminate-OSX */ = {
			isa = PBXNativeTarget;
			buildConfigurationList = C8B6C2C91B97AAD000D92BE6 /* Build configuration list for PBXNativeTarget "WJHShouldTerminate-OSX" */;
			buildPhases = (
				C8B6C2AE1B97AAD000D92BE6 /* Sources */,
				C8B6C2AF1B97AAD000D92BE6 /* Frameworks */,
				C8B6C2B01B97AAD000D92BE6 /* Headers */,
				C8B6C2B11B97AAD000D92BE6 /* Resources */,
			);
			buildRules = (
			);
			dependencies = (
			);
			name = "WJHShouldTerminate-OSX";
			productName = WJHShouldTerminate;
			productReference = C8B6C2B31B97AAD000D92BE6 /* WJHShouldTerminate.framework */;
			productType = "com.apple.product-type.framework";
		};
		C8B6C2BD1B97AAD000D92BE6 /* WJHShouldTerminateTests-OSX */ = {
			isa = PBXNativeTarget;
			buildConfigurationList = C8B6C2CC1B97AAD000D92BE6 /* Build configuration list for PBXNativeTarget "WJHShouldTerminateTests-OSX" */;
			buildPhases = (
				C8B6C2BA1B97AAD000D92BE6 /* Sources */,
				C8B6C2BB1B97AAD000D92BE6 /* Frameworks */,
				C8B6C2BC1B97AAD000D92BE6 /* Resources */,
			);
			buildRules = (
			);
			dependencies = (
				C8B6C2C11B97AAD000D92BE6 /* PBXTargetDependency */,
			);
			name = "WJHShouldTerminateTests-OSX";
			productName = WJHShouldTerminateTests;
			productReference = C8B6C2BE1B97AAD000D92BE6 /* WJHShouldTerminateTests.xctest */;
			productType = "com.apple.product-type.bundle.unit-test";
		};
/* End PBXNativeTarget section */

/* Begin PBXProject section */
		C8B6C2AA1B97AAD000D92BE6 /* Project object */ = {
			isa = PBXProject;
			attributes = {
				LastUpgradeCheck = 0640;
				ORGANIZATIONNAME = "Jody Hagins";
				TargetAttributes = {
					C8B6C2B21B97AAD000D92BE6 = {
						CreatedOnToolsVersion = 6.4;
					};
					C8B6C2BD1B97AAD000D92BE6 = {
						CreatedOnToolsVersion = 6.4;
					};
				};
			};
			buildConfigurationList = C8B6C2AD1B97AAD000D92BE6 /* Build configuration list for PBXProject "WJHShouldTerminate" */;
			compatibilityVersion = "Xcode 3.2";
			developmentRegion = English;
			hasScannedForEncodings = 0;
			knownRegions = (
				en,
			);
			mainGroup = C8B6C2A91B97AAD000D92BE6;
			productRefGroup = C8B6C2B41B97AAD000D92BE6 /* Products */;
			projectDirPath = "";
			projectRoot = "";
			targets = (
				C8B6C2B21B97AAD000D92BE6 /* WJHShouldTerminate-OSX */,
				C8B6C2BD1B97AAD000D92BE6 /* WJHShouldTerminateTests-OSX */,
			);
		};
/* End PBXProject section */

/* Begin PBXResourcesBuildPhase section */
		C8B6C2B11B97AAD000D92BE6 /* Resources */ = {
			isa = PBXResourcesBuildPhase;
			buildActionMask = 2147483647;
			files = (
			);
			runOnlyForDeploymentPostprocessing = 0;
		};
		C8B6C2BC1B97AAD000D92BE6 /* Resources */ = {
			isa = PBXResourcesBuildPhase;
			buildActionMask = 2147483647;
			files = (
			);
			runOnlyForDeploymentPostprocessing = 0;
		};
/* End PBXResourcesBuildPhase section */

/* Begin PBXSourcesBuildPhase section */
		C8B6C2AE1B97AAD000D92BE6 /* Sources */ = {
			isa = PBXSourcesBuildPhase;
			buildActionMask = 2147483647;
			files = (
				C8B6C2DC1B97B0DF00D92BE6 /* NSObject+WJHShouldTerminate.m in Sources */,
				C8B6C2D41B97AD1B00D92BE6 /* WJHShouldTerminate.m in Sources */,
				C8B6C2D81B97AD6F00D92BE6 /* _WJHShouldTerminateObserver.m in Sources */,
				C8B6C2D21B97AC4D00D92BE6 /* WJHShouldTerminateToken.m in Sources */,
			);
			runOnlyForDeploymentPostprocessing = 0;
		};
		C8B6C2BA1B97AAD000D92BE6 /* Sources */ = {
			isa = PBXSourcesBuildPhase;
			buildActionMask = 2147483647;
			files = (
				C8B6C2C61B97AAD000D92BE6 /* WJHShouldTerminateTests.m in Sources */,
			);
			runOnlyForDeploymentPostprocessing = 0;
		};
/* End PBXSourcesBuildPhase section */

/* Begin PBXTargetDependency section */
		C8B6C2C11B97AAD000D92BE6 /* PBXTargetDependency */ = {
			isa = PBXTargetDependency;
			target = C8B6C2B21B97AAD000D92BE6 /* WJHShouldTerminate-OSX */;
			targetProxy = C8B6C2C01B97AAD000D92BE6 /* PBXContainerItemProxy */;
		};
/* End PBXTargetDependency section */

/* Begin XCBuildConfiguration section */
		C8B6C2C71B97AAD000D92BE6 /* Debug */ = {
			isa = XCBuildConfiguration;
			buildSettings = {
				ALWAYS_SEARCH_USER_PATHS = NO;
				CLANG_CXX_LANGUAGE_STANDARD = "gnu++0x";
				CLANG_CXX_LIBRARY = "libc++";
				CLANG_ENABLE_MODULES = YES;
				CLANG_ENABLE_OBJC_ARC = YES;
				CLANG_WARN_BOOL_CONVERSION = YES;
				CLANG_WARN_CONSTANT_CONVERSION = YES;
				CLANG_WARN_DIRECT_OBJC_ISA_USAGE = YES_ERROR;
				CLANG_WARN_EMPTY_BODY = YES;
				CLANG_WARN_ENUM_CONVERSION = YES;
				CLANG_WARN_INT_CONVERSION = YES;
				CLANG_WARN_OBJC_ROOT_CLASS = YES_ERROR;
				CLANG_WARN_UNREACHABLE_CODE = YES;
				CLANG_WARN__DUPLICATE_METHOD_MATCH = YES;
				COPY_PHASE_STRIP = NO;
				CURRENT_PROJECT_VERSION = 1;
				DEBUG_INFORMATION_FORMAT = dwarf;
				ENABLE_STRICT_OBJC_MSGSEND = YES;
				GCC_C_LANGUAGE_STANDARD = gnu99;
				GCC_DYNAMIC_NO_PIC = NO;
				GCC_NO_COMMON_BLOCKS = YES;
				GCC_OPTIMIZATION_LEVEL = 0;
				GCC_PREPROCESSOR_DEFINITIONS = (
					"DEBUG=1",
					"$(inherited)",
				);
				GCC_SYMBOLS_PRIVATE_EXTERN = NO;
				GCC_WARN_64_TO_32_BIT_CONVERSION = YES;
				GCC_WARN_ABOUT_RETURN_TYPE = YES_ERROR;
				GCC_WARN_UNDECLARED_SELECTOR = YES;
				GCC_WARN_UNINITIALIZED_AUTOS = YES_AGGRESSIVE;
				GCC_WARN_UNUSED_FUNCTION = YES;
				GCC_WARN_UNUSED_VARIABLE = YES;
				MACOSX_DEPLOYMENT_TARGET = 10.10;
				MTL_ENABLE_DEBUG_INFO = YES;
				ONLY_ACTIVE_ARCH = YES;
				SDKROOT = macosx;
				VERSIONING_SYSTEM = "apple-generic";
				VERSION_INFO_PREFIX = "";
			};
			name = Debug;
		};
		C8B6C2C81B97AAD000D92BE6 /* Release */ = {
			isa = XCBuildConfiguration;
			buildSettings = {
				ALWAYS_SEARCH_USER_PATHS = NO;
				CLANG_CXX_LANGUAGE_STANDARD = "gnu++0x";
				CLANG_CXX_LIBRARY = "libc++";
				CLANG_ENABLE_MODULES = YES;
				CLANG_ENABLE_OBJC_ARC = YES;
				CLANG_WARN_BOOL_CONVERSION = YES;
				CLANG_WARN_CONSTANT_CONVERSION = YES;
				CLANG_WARN_DIRECT_OBJC_ISA_USAGE = YES_ERROR;
				CLANG_WARN_EMPTY_BODY = YES;
				CLANG_WARN_ENUM_CONVERSION = YES;
				CLANG_WARN_INT_CONVERSION = YES;
				CLANG_WARN_OBJC_ROOT_CLASS = YES_ERROR;
				CLANG_WARN_UNREACHABLE_CODE = YES;
				CLANG_WARN__DUPLICATE_METHOD_MATCH = YES;
				COPY_PHASE_STRIP = NO;
				CURRENT_PROJECT_VERSION = 1;
				DEBUG_INFORMATION_FORMAT = "dwarf-with-dsym";
				ENABLE_NS_ASSERTIONS = NO;
				ENABLE_STRICT_OBJC_MSGSEND = YES;
				GCC_C_LANGUAGE_STANDARD = gnu99;
				GCC_NO_COMMON_BLOCKS = YES;
				GCC_WARN_64_TO_32_BIT_CONVERSION = YES;
				GCC_WARN_ABOUT_RETURN_TYPE = YES_ERROR;
				GCC_WARN_UNDECLARED_SELECTOR = YES;
				GCC_WARN_UNINITIALIZED_AUTOS = YES_AGGRESSIVE;
				GCC_WARN_UNUSED_FUNCTION = YES;
				GCC_WARN_UNUSED_VARIABLE = YES;
				MACOSX_DEPLOYMENT_TARGET = 10.10;
				MTL_ENABLE_DEBUG_INFO = NO;
				SDKROOT = macosx;
				VERSIONING_SYSTEM = "apple-generic";
				VERSION_INFO_PREFIX = "";
			};
			name = Release;
		};
		C8B6C2CA1B97AAD000D92BE6 /* Debug */ = {
			isa = XCBuildConfiguration;
			buildSettings = {
				COMBINE_HIDPI_IMAGES = YES;
				DEFINES_MODULE = YES;
				DYLIB_COMPATIBILITY_VERSION = 1;
				DYLIB_CURRENT_VERSION = 1;
				DYLIB_INSTALL_NAME_BASE = "@rpath";
				FRAMEWORK_VERSION = A;
				INFOPLIST_FILE = WJHShouldTerminate/Info.plist;
				INSTALL_PATH = "$(LOCAL_LIBRARY_DIR)/Frameworks";
				LD_RUNPATH_SEARCH_PATHS = "$(inherited) @executable_path/../Frameworks @loader_path/Frameworks";
				PRODUCT_NAME = WJHShouldTerminate;
				SKIP_INSTALL = YES;
			};
			name = Debug;
		};
		C8B6C2CB1B97AAD000D92BE6 /* Release */ = {
			isa = XCBuildConfiguration;
			buildSettings = {
				COMBINE_HIDPI_IMAGES = YES;
				DEFINES_MODULE = YES;
				DYLIB_COMPATIBILITY_VERSION = 1;
				DYLIB_CURRENT_VERSION = 1;
				DYLIB_INSTALL_NAME_BASE = "@rpath";
				FRAMEWORK_VERSION = A;
				INFOPLIST_FILE = WJHShouldTerminate/Info.plist;
				INSTALL_PATH = "$(LOCAL_LIBRARY_DIR)/Frameworks";
				LD_RUNPATH_SEARCH_PATHS = "$(inherited) @executable_path/../Frameworks @loader_path/Frameworks";
				PRODUCT_NAME = WJHShouldTerminate;
				SKIP_INSTALL = YES;
			};
			name = Release;
		};
		C8B6C2CD1B97AAD000D92BE6 /* Debug */ = {
			isa = XCBuildConfiguration;
			buildSettings = {
				COMBINE_HIDPI_IMAGES = YES;
				FRAMEWORK_SEARCH_PATHS = (
					"$(DEVELOPER_FRAMEWORKS_DIR)",
					"$(inherited)",
				);
				GCC_PREPROCESSOR_DEFINITIONS = (
					"DEBUG=1",
					"$(inherited)",
				);
				INFOPLIST_FILE = WJHShouldTerminateTests/Info.plist;
				LD_RUNPATH_SEARCH_PATHS = "$(inherited) @executable_path/../Frameworks @loader_path/../Frameworks";
				PRODUCT_NAME = WJHShouldTerminateTests;
			};
			name = Debug;
		};
		C8B6C2CE1B97AAD000D92BE6 /* Release */ = {
			isa = XCBuildConfiguration;
			buildSettings = {
				COMBINE_HIDPI_IMAGES = YES;
				FRAMEWORK_SEARCH_PATHS = (
					"$(DEVELOPER_FRAMEWORKS_DIR)",
					"$(inherited)",
				);
				INFOPLIST_FILE = WJHShouldTerminateTests/Info.plist;
				LD_RUNPATH_SEARCH_PATHS = "$(inherited) @executable_path/../Frameworks @loader_path/../Frameworks";
				PRODUCT_NAME = WJHShouldTerminateTests;
			};
			name = Release;
		};
/* End XCBuildConfiguration section */

/* Begin XCConfigurationList section */
		C8B6C2AD1B97AAD000D92BE6 /* Build configuration list for PBXProject "WJHShouldTerminate" */ = {
			isa = XCConfigurationList;
			buildConfigurations = (
				C8B6C2C71B97AAD000D92BE6 /* Debug */,
				C8B6C2C81B97AAD000D92BE6 /* Release */,
			);
			defaultConfigurationIsVisible = 0;
			defaultConfigurationName = Release;
		};
		C8B6C2C91B97AAD000D92BE6 /* Build configuration list for PBXNativeTarget "WJHShouldTerminate-OSX" */ = {
			isa = XCConfigurationList;
			buildConfigurations = (
				C8B6C2CA1B97AAD000D92BE6 /* Debug */,
				C8B6C2CB1B97AAD000D92BE6 /* Release */,
			);
			defaultConfigurationIsVisible = 0;
		};
		C8B6C2CC1B97AAD000D92BE6 /* Build configuration list for PBXNativeTarget "WJHShouldTerminateTests-OSX" */ = {
			isa = XCConfigurationList;
			buildConfigurations = (
				C8B6C2CD1B97AAD000D92BE6 /* Debug */,
				C8B6C2CE1B97AAD000D92BE6 /* Release */,
			);
			defaultConfigurationIsVisible = 0;
		};
/* End XCConfigurationList section */
	};
	rootObject = C8B6C2AA1B97AAD000D92BE6 /* Project object */;
}
